github.com/chriso345/gore v0.0.2 h1:7sOSPFOKJJqI4S5rAF3IhDs/92QRPDH0W/vAGfrGqSk=
github.com/chriso345/gore v0.0.2/go.mod h1:Fv/xn9j30WYPNiqOtgKRSH6KYl0wIF1ri1zExGmck/I=
github.com/chriso345/gore v0.0.3 h1:I1PsBSA/S3zIIge1tvrMYvZgdByz8REDWX9F74FB7aM=
github.com/chriso345/gore v0.0.3/go.mod h1:Fv/xn9j30WYPNiqOtgKRSH6KYl0wIF1ri1zExGmck/I=
github.com/chriso345/gore v0.0.4 h1:pj+wlekAx8j0VJYU6wausHUzRr0Ip7aSZ7e5rYqmbTM=
github.com/chriso345/gore v0.0.4/go.mod h1:Fv/xn9j30WYPNiqOtgKRSH6KYl0wIF1ri1zExGmck/I=
